
Microsoft Visual Studio Solution File, Format Version 12.00
# Visual Studio Version 17
VisualStudioVersion = 17.13.35825.156 d17.13
MinimumVisualStudioVersion = 10.0.40219.1
Project("{FAE04EC0-301F-11D3-BF4B-00C04F79EFBC}") = "FormValidation", "FormValidation\FormValidation.csproj", "{F6E6A622-67AB-4040-AB27-25CBE8FF8461}"
EndProject
Global
	GlobalSection(SolutionConfigurationPlatforms) = preSolution
		Debug|Any CPU = Debug|Any CPU
		Release|Any CPU = Release|Any CPU
	EndGlobalSection
	GlobalSection(ProjectConfigurationPlatforms) = postSolution
		{F6E6A622-67AB-4040-AB27-25CBE8FF8461}.Debug|Any CPU.ActiveCfg = Debug|Any CPU
		{F6E6A622-67AB-4040-AB27-25CBE8FF8461}.Debug|Any CPU.Build.0 = Debug|Any CPU
		{F6E6A622-67AB-4040-AB27-25CBE8FF8461}.Release|Any CPU.ActiveCfg = Release|Any CPU
		{F6E6A622-67AB-4040-AB27-25CBE8FF8461}.Release|Any CPU.Build.0 = Release|Any CPU
	EndGlobalSection
	GlobalSection(SolutionProperties) = preSolution
		HideSolutionNode = FALSE
	EndGlobalSection
	GlobalSection(ExtensibilityGlobals) = postSolution
		SolutionGuid = {0AADA0E3-ABA8-44BA-A84A-3F9CDDD815DB}
	EndGlobalSection
EndGlobal
