
Microsoft Visual Studio Solution File, Format Version 12.00
# Visual Studio Version 17
VisualStudioVersion = 17.13.35825.156 d17.13
MinimumVisualStudioVersion = 10.0.40219.1
Project("{FAE04EC0-301F-11D3-BF4B-00C04F79EFBC}") = "PMS_Task", "PMS_Task\PMS_Task.csproj", "{6AEC1B2D-E29F-47D7-93A9-0686D733DF5A}"
EndProject
Global
	GlobalSection(SolutionConfigurationPlatforms) = preSolution
		Debug|Any CPU = Debug|Any CPU
		Release|Any CPU = Release|Any CPU
	EndGlobalSection
	GlobalSection(ProjectConfigurationPlatforms) = postSolution
		{6AEC1B2D-E29F-47D7-93A9-0686D733DF5A}.Debug|Any CPU.ActiveCfg = Debug|Any CPU
		{6AEC1B2D-E29F-47D7-93A9-0686D733DF5A}.Debug|Any CPU.Build.0 = Debug|Any CPU
		{6AEC1B2D-E29F-47D7-93A9-0686D733DF5A}.Release|Any CPU.ActiveCfg = Release|Any CPU
		{6AEC1B2D-E29F-47D7-93A9-0686D733DF5A}.Release|Any CPU.Build.0 = Release|Any CPU
	EndGlobalSection
	GlobalSection(SolutionProperties) = preSolution
		HideSolutionNode = FALSE
	EndGlobalSection
	GlobalSection(ExtensibilityGlobals) = postSolution
		SolutionGuid = {6B6F46BE-B9F2-416F-9BAC-D0CB6CBAD9DB}
	EndGlobalSection
EndGlobal
